Microsoft Visual Studio Solution File, Format Version 11.00
# Visual Studio 2008

Project("{2B6D760D-90B4-5960-AE52-8EFE5453DEC2}") = "2.5D Proof of Concept", "Assembly-CSharp.csproj", "{AB993E86-9B22-0872-00B8-CF38101F1E27}"
EndProject
Global
	GlobalSection(SolutionConfigurationPlatforms) = preSolution
		Debug|Any CPU = Debug|Any CPU
		Release|Any CPU = Release|Any CPU
	EndGlobalSection
	GlobalSection(ProjectConfigurationPlatforms) = postSolution
		{AB993E86-9B22-0872-00B8-CF38101F1E27}.Debug|Any CPU.ActiveCfg = Debug|Any CPU
		{AB993E86-9B22-0872-00B8-CF38101F1E27}.Debug|Any CPU.Build.0 = Debug|Any CPU
		{AB993E86-9B22-0872-00B8-CF38101F1E27}.Release|Any CPU.ActiveCfg = Release|Any CPU
		{AB993E86-9B22-0872-00B8-CF38101F1E27}.Release|Any CPU.Build.0 = Release|Any CPU
	EndGlobalSection
	GlobalSection(SolutionProperties) = preSolution
		HideSolutionNode = FALSE
	EndGlobalSection
	GlobalSection(MonoDevelopProperties) = preSolution
		StartupItem = Assembly-CSharp.csproj
	EndGlobalSection
EndGlobal
